{
    "name": "@chewbaccacookie/prettier-config",
    "version": "1.0.1",
    "lockfileVersion": 2,
    "requires": true,
    "packages": {
        "": {
            "name": "@chewbaccacookie/prettier-config",
            "version": "1.0.1",
            "dependencies": {
                "prettier-plugin-sort-json": "^3.1.0"
            },
            "devDependencies": {
                "prettier": "^3.4.2"
            },
            "peerDependencies": {
                "prettier": ">=3.0.0"
            }
        },
        "node_modules/prettier-plugin-sort-json": {
            "version": "3.1.0",
            "resolved": "https://registry.npmjs.org/prettier-plugin-sort-json/-/prettier-plugin-sort-json-3.1.0.tgz",
            "integrity": "sha512-eIDEUjwzekiVd+oKrpd0aoACBTp5zOW71wDTNy+qQ5C9Q8oqt9n9wCm4F+SeRZbXfgblh/WYIguJynImlBXrvQ==",
            "engines": {
                "node": ">=16.0.0"
            },
            "peerDependencies": {
                "prettier": "^3.0.0"
            }
        }
    },
    "dependencies": {
        "prettier": {
            "version": "3.1.1",
            "resolved": "https://registry.npmjs.org/prettier/-/prettier-3.1.1.tgz",
            "integrity": "sha512-22UbSzg8luF4UuZtzgiUOfcGM8s4tjBv6dJRT7j275NXsy2jb4aJa4NNveul5x4eqlF1wuhuR2RElK71RvmVaw==",
            "dev": true
        },
        "prettier-plugin-sort-json": {
            "version": "3.1.0",
            "resolved": "https://registry.npmjs.org/prettier-plugin-sort-json/-/prettier-plugin-sort-json-3.1.0.tgz",
            "integrity": "sha512-eIDEUjwzekiVd+oKrpd0aoACBTp5zOW71wDTNy+qQ5C9Q8oqt9n9wCm4F+SeRZbXfgblh/WYIguJynImlBXrvQ=="
        }
    }
}
